
Microsoft Visual Studio Solution File, Format Version 12.00
# Visual Studio 2013
VisualStudioVersion = 12.0.30723.0
MinimumVisualStudioVersion = 10.0.40219.1
Project("{FAE04EC0-301F-11D3-BF4B-00C04F79EFBC}") = "CacheOut", "CacheOut\CacheOut.csproj", "{743AC485-0841-446C-9CD9-B7E03269BAF7}"
	ProjectSection(ProjectDependencies) = postProject
		{96236721-F2D7-4587-AFA0-D30C8C1E21AF} = {96236721-F2D7-4587-AFA0-D30C8C1E21AF}
	EndProjectSection
EndProject
Project("{2150E333-8FDC-42A3-9474-1A3956D46DE8}") = "DllExporter", "DllExporter", "{F9B1B46C-1AAA-4EEE-A9F2-67B7A4B3A1CD}"
	ProjectSection(SolutionItems) = preProject
		DllExporter\DllExporter.exe = DllExporter\DllExporter.exe
		DllExporter\DllExporter.LICENSE.txt = DllExporter\DllExporter.LICENSE.txt
	EndProjectSection
EndProject
Project("{FAE04EC0-301F-11D3-BF4B-00C04F79EFBC}") = "CachePayload", "CachePayload\CachePayload.csproj", "{96236721-F2D7-4587-AFA0-D30C8C1E21AF}"
EndProject
Project("{FAE04EC0-301F-11D3-BF4B-00C04F79EFBC}") = "Win32Helper", "Win32Helper\Win32Helper.csproj", "{72AECDE1-F52A-447D-AE90-1B8984DDE360}"
EndProject
Global
	GlobalSection(SolutionConfigurationPlatforms) = preSolution
		Debug|Any CPU = Debug|Any CPU
		Debug|Mixed Platforms = Debug|Mixed Platforms
		Debug|x86 = Debug|x86
		Release|Any CPU = Release|Any CPU
		Release|Mixed Platforms = Release|Mixed Platforms
		Release|x86 = Release|x86
	EndGlobalSection
	GlobalSection(ProjectConfigurationPlatforms) = postSolution
		{743AC485-0841-446C-9CD9-B7E03269BAF7}.Debug|Any CPU.ActiveCfg = Debug|Any CPU
		{743AC485-0841-446C-9CD9-B7E03269BAF7}.Debug|Any CPU.Build.0 = Debug|Any CPU
		{743AC485-0841-446C-9CD9-B7E03269BAF7}.Debug|Mixed Platforms.ActiveCfg = Debug|x86
		{743AC485-0841-446C-9CD9-B7E03269BAF7}.Debug|Mixed Platforms.Build.0 = Debug|x86
		{743AC485-0841-446C-9CD9-B7E03269BAF7}.Debug|x86.ActiveCfg = Debug|x86
		{743AC485-0841-446C-9CD9-B7E03269BAF7}.Debug|x86.Build.0 = Debug|x86
		{743AC485-0841-446C-9CD9-B7E03269BAF7}.Release|Any CPU.ActiveCfg = Release|Any CPU
		{743AC485-0841-446C-9CD9-B7E03269BAF7}.Release|Any CPU.Build.0 = Release|Any CPU
		{743AC485-0841-446C-9CD9-B7E03269BAF7}.Release|Mixed Platforms.ActiveCfg = Release|x86
		{743AC485-0841-446C-9CD9-B7E03269BAF7}.Release|Mixed Platforms.Build.0 = Release|x86
		{743AC485-0841-446C-9CD9-B7E03269BAF7}.Release|x86.ActiveCfg = Release|x86
		{743AC485-0841-446C-9CD9-B7E03269BAF7}.Release|x86.Build.0 = Release|x86
		{96236721-F2D7-4587-AFA0-D30C8C1E21AF}.Debug|Any CPU.ActiveCfg = Debug|Any CPU
		{96236721-F2D7-4587-AFA0-D30C8C1E21AF}.Debug|Any CPU.Build.0 = Debug|Any CPU
		{96236721-F2D7-4587-AFA0-D30C8C1E21AF}.Debug|Mixed Platforms.ActiveCfg = Debug|x86
		{96236721-F2D7-4587-AFA0-D30C8C1E21AF}.Debug|Mixed Platforms.Build.0 = Debug|x86
		{96236721-F2D7-4587-AFA0-D30C8C1E21AF}.Debug|x86.ActiveCfg = Debug|x86
		{96236721-F2D7-4587-AFA0-D30C8C1E21AF}.Debug|x86.Build.0 = Debug|x86
		{96236721-F2D7-4587-AFA0-D30C8C1E21AF}.Release|Any CPU.ActiveCfg = Release|Any CPU
		{96236721-F2D7-4587-AFA0-D30C8C1E21AF}.Release|Any CPU.Build.0 = Release|Any CPU
		{96236721-F2D7-4587-AFA0-D30C8C1E21AF}.Release|Mixed Platforms.ActiveCfg = Release|x86
		{96236721-F2D7-4587-AFA0-D30C8C1E21AF}.Release|Mixed Platforms.Build.0 = Release|x86
		{96236721-F2D7-4587-AFA0-D30C8C1E21AF}.Release|x86.ActiveCfg = Release|Any CPU
		{72AECDE1-F52A-447D-AE90-1B8984DDE360}.Debug|Any CPU.ActiveCfg = Debug|Any CPU
		{72AECDE1-F52A-447D-AE90-1B8984DDE360}.Debug|Any CPU.Build.0 = Debug|Any CPU
		{72AECDE1-F52A-447D-AE90-1B8984DDE360}.Debug|Mixed Platforms.ActiveCfg = Debug|Any CPU
		{72AECDE1-F52A-447D-AE90-1B8984DDE360}.Debug|Mixed Platforms.Build.0 = Debug|Any CPU
		{72AECDE1-F52A-447D-AE90-1B8984DDE360}.Debug|x86.ActiveCfg = Debug|x86
		{72AECDE1-F52A-447D-AE90-1B8984DDE360}.Debug|x86.Build.0 = Debug|x86
		{72AECDE1-F52A-447D-AE90-1B8984DDE360}.Release|Any CPU.ActiveCfg = Release|Any CPU
		{72AECDE1-F52A-447D-AE90-1B8984DDE360}.Release|Any CPU.Build.0 = Release|Any CPU
		{72AECDE1-F52A-447D-AE90-1B8984DDE360}.Release|Mixed Platforms.ActiveCfg = Release|Any CPU
		{72AECDE1-F52A-447D-AE90-1B8984DDE360}.Release|Mixed Platforms.Build.0 = Release|Any CPU
		{72AECDE1-F52A-447D-AE90-1B8984DDE360}.Release|x86.ActiveCfg = Release|Any CPU
	EndGlobalSection
	GlobalSection(SolutionProperties) = preSolution
		HideSolutionNode = FALSE
	EndGlobalSection
EndGlobal
